// !$*UTF8*$!
{
	archiveVersion = 1;
	classes = {
	};
	objectVersion = 46;
	objects = {

/* Begin PBXAggregateTarget section */
		B2AD7B19FBAC4A9699DE6E96 /* ZERO_CHECK */ = {
			isa = PBXAggregateTarget;
			buildConfigurationList = F4D317ECD4A047A38598DD06 /* Build configuration list for PBXAggregateTarget "ZERO_CHECK" */;
			buildPhases = (
				A3180D71C8164E41A9F1B880 /* CMake Rules */,
			);
			dependencies = (
			);
			name = ZERO_CHECK;
			productName = ZERO_CHECK;
		};
		C24FECEC92534BB8A5ED7FD3 /* ALL_BUILD */ = {
			isa = PBXAggregateTarget;
			buildConfigurationList = BA9DD156CA634C93ACB926D7 /* Build configuration list for PBXAggregateTarget "ALL_BUILD" */;
			buildPhases = (
				DC72EFEBE00A4D629DFFBF05 /* CMake Rules */,
			);
			dependencies = (
				D45952615D64484DB4257C52 /* PBXTargetDependency */,
				6E38BEC88A064D548AC0E20F /* PBXTargetDependency */,
			);
			name = ALL_BUILD;
			productName = ALL_BUILD;
		};
/* End PBXAggregateTarget section */

/* Begin PBXBuildFile section */
		2086B2FBC76446E6AEF2C62F /* /Users/s1r/Desktop/computer_graphics_hw3/src/tinyexr.h */ = {isa = PBXBuildFile; fileRef = C029CC5F05B34312AE4F80E7 /* /Users/s1r/Desktop/computer_graphics_hw3/src/tinyexr.h */; };
		38491D7C489D471392220A77 /* /Users/s1r/Desktop/computer_graphics_hw3/src/stb_image_write.h */ = {isa = PBXBuildFile; fileRef = C79E6543B9DE407A8A27F0C7 /* /Users/s1r/Desktop/computer_graphics_hw3/src/stb_image_write.h */; };
		5668CB715ED547F5A06F53BC /* /Users/s1r/Desktop/computer_graphics_hw3/src/pathtrace.cpp */ = {isa = PBXBuildFile; fileRef = 445DD87BC48447738862E4DD /* /Users/s1r/Desktop/computer_graphics_hw3/src/pathtrace.cpp */; };
		5D55675DDEBC40F4B595117E /* /Users/s1r/Desktop/computer_graphics_hw3/src/stb_image_resize.h */ = {isa = PBXBuildFile; fileRef = 8A191117BC2649D3A52DF3DB /* /Users/s1r/Desktop/computer_graphics_hw3/src/stb_image_resize.h */; };
		9385622DA86C46D4AEC8183D /* /Users/s1r/Desktop/computer_graphics_hw3/src/stb_image.h */ = {isa = PBXBuildFile; fileRef = 5249C09E31D24904AF6A31BC /* /Users/s1r/Desktop/computer_graphics_hw3/src/stb_image.h */; };
		9C0FF1EFB7754AB5BBC01275 /* /Users/s1r/Desktop/computer_graphics_hw3/src/printData.h */ = {isa = PBXBuildFile; fileRef = E705E078903649379E23F978 /* /Users/s1r/Desktop/computer_graphics_hw3/src/printData.h */; };
		D01ACE2B6077492C98BA2002 /* /Users/s1r/Desktop/computer_graphics_hw3/src/yocto_gl.h */ = {isa = PBXBuildFile; fileRef = BB802B63C0574BBCA5528C71 /* /Users/s1r/Desktop/computer_graphics_hw3/src/yocto_gl.h */; };
		D82EC7A4010640C7A725D33D /* /Users/s1r/Desktop/computer_graphics_hw3/CMakeLists.txt */ = {isa = PBXBuildFile; fileRef = 0F5720349DB34B80B5264E4A /* /Users/s1r/Desktop/computer_graphics_hw3/CMakeLists.txt */; };
		FB9D1502E3D44DC891DF57DC /* /Users/s1r/Desktop/computer_graphics_hw3/src/json.hpp */ = {isa = PBXBuildFile; fileRef = F5DEE2FAF98B4BEDADA14AA1 /* /Users/s1r/Desktop/computer_graphics_hw3/src/json.hpp */; };
/* End PBXBuildFile section */

/* Begin PBXBuildStyle section */
		636D9B9CA33C4AD88377C633 /* Debug */ = {
			isa = PBXBuildStyle;
			buildSettings = {
				COPY_PHASE_STRIP = NO;
			};
			name = Debug;
		};
		8A8CD42008E1484A8E9A46AF /* MinSizeRel */ = {
			isa = PBXBuildStyle;
			buildSettings = {
				COPY_PHASE_STRIP = NO;
			};
			name = MinSizeRel;
		};
		91FEA512343144D59DFCF6E4 /* Release */ = {
			isa = PBXBuildStyle;
			buildSettings = {
				COPY_PHASE_STRIP = NO;
			};
			name = Release;
		};
		BA9807F287D54469A5FC0531 /* RelWithDebInfo */ = {
			isa = PBXBuildStyle;
			buildSettings = {
				COPY_PHASE_STRIP = NO;
			};
			name = RelWithDebInfo;
		};
/* End PBXBuildStyle section */

/* Begin PBXContainerItemProxy section */
		7AC4EAE7682040568844A441 /* PBXContainerItemProxy */ = {
			isa = PBXContainerItemProxy;
			containerPortal = F1D28F36432141C28E5155D4 /* Project object */;
			proxyType = 1;
			remoteGlobalIDString = B2AD7B19FBAC4A9699DE6E96;
			remoteInfo = ZERO_CHECK;
		};
		E3D8DBD11EBF408091BF784E /* PBXContainerItemProxy */ = {
			isa = PBXContainerItemProxy;
			containerPortal = F1D28F36432141C28E5155D4 /* Project object */;
			proxyType = 1;
			remoteGlobalIDString = B2AD7B19FBAC4A9699DE6E96;
			remoteInfo = ZERO_CHECK;
		};
		FB4B44C908C242FABF50B3EA /* PBXContainerItemProxy */ = {
			isa = PBXContainerItemProxy;
			containerPortal = F1D28F36432141C28E5155D4 /* Project object */;
			proxyType = 1;
			remoteGlobalIDString = 28A9E189F7634FC48A2774B9;
			remoteInfo = pathtrace;
		};
/* End PBXContainerItemProxy section */

/* Begin PBXFileReference section */
		0EC4BD29491D4B87A279EF35 /* /Users/s1r/Desktop/computer_graphics_hw3/CMakeLists.txt */ = {isa = PBXFileReference; explicitFileType = sourcecode.text; fileEncoding = 4; name = CMakeLists.txt; path = CMakeLists.txt; sourceTree = SOURCE_ROOT; };
		0F5720349DB34B80B5264E4A /* /Users/s1r/Desktop/computer_graphics_hw3/CMakeLists.txt */ = {isa = PBXFileReference; explicitFileType = sourcecode.text; fileEncoding = 4; name = CMakeLists.txt; path = CMakeLists.txt; sourceTree = SOURCE_ROOT; };
		445DD87BC48447738862E4DD /* /Users/s1r/Desktop/computer_graphics_hw3/src/pathtrace.cpp */ = {isa = PBXFileReference; explicitFileType = sourcecode.cpp.cpp; fileEncoding = 4; name = pathtrace.cpp; path = src/pathtrace.cpp; sourceTree = SOURCE_ROOT; };
		5249C09E31D24904AF6A31BC /* /Users/s1r/Desktop/computer_graphics_hw3/src/stb_image.h */ = {isa = PBXFileReference; explicitFileType = sourcecode.c.h; fileEncoding = 4; name = stb_image.h; path = src/stb_image.h; sourceTree = SOURCE_ROOT; };
		8A191117BC2649D3A52DF3DB /* /Users/s1r/Desktop/computer_graphics_hw3/src/stb_image_resize.h */ = {isa = PBXFileReference; explicitFileType = sourcecode.c.h; fileEncoding = 4; name = stb_image_resize.h; path = src/stb_image_resize.h; sourceTree = SOURCE_ROOT; };
		92428DDCAFCC4869BEA697EC /* /Users/s1r/Desktop/computer_graphics_hw3/CMakeLists.txt */ = {isa = PBXFileReference; explicitFileType = sourcecode.text; fileEncoding = 4; name = CMakeLists.txt; path = CMakeLists.txt; sourceTree = SOURCE_ROOT; };
		BB802B63C0574BBCA5528C71 /* /Users/s1r/Desktop/computer_graphics_hw3/src/yocto_gl.h */ = {isa = PBXFileReference; explicitFileType = sourcecode.c.h; fileEncoding = 4; name = yocto_gl.h; path = src/yocto_gl.h; sourceTree = SOURCE_ROOT; };
		C029CC5F05B34312AE4F80E7 /* /Users/s1r/Desktop/computer_graphics_hw3/src/tinyexr.h */ = {isa = PBXFileReference; explicitFileType = sourcecode.c.h; fileEncoding = 4; name = tinyexr.h; path = src/tinyexr.h; sourceTree = SOURCE_ROOT; };
		C79E6543B9DE407A8A27F0C7 /* /Users/s1r/Desktop/computer_graphics_hw3/src/stb_image_write.h */ = {isa = PBXFileReference; explicitFileType = sourcecode.c.h; fileEncoding = 4; name = stb_image_write.h; path = src/stb_image_write.h; sourceTree = SOURCE_ROOT; };
		E705E078903649379E23F978 /* /Users/s1r/Desktop/computer_graphics_hw3/src/printData.h */ = {isa = PBXFileReference; explicitFileType = sourcecode.c.h; fileEncoding = 4; name = printData.h; path = src/printData.h; sourceTree = SOURCE_ROOT; };
		F5DEE2FAF98B4BEDADA14AA1 /* /Users/s1r/Desktop/computer_graphics_hw3/src/json.hpp */ = {isa = PBXFileReference; explicitFileType = sourcecode.cpp.h; fileEncoding = 4; name = json.hpp; path = src/json.hpp; sourceTree = SOURCE_ROOT; };
		FA5B02C32B8B4A40B4345C17 /* pathtrace */ = {isa = PBXFileReference; explicitFileType = "compiled.mach-o.executable"; path = pathtrace; sourceTree = BUILT_PRODUCTS_DIR; };
/* End PBXFileReference section */

/* Begin PBXGroup section */
		19F3E61E3392452AA4246EE4 /* Source Files */ = {
			isa = PBXGroup;
			children = (
				445DD87BC48447738862E4DD /* /Users/s1r/Desktop/computer_graphics_hw3/src/pathtrace.cpp */,
			);
			name = "Source Files";
			sourceTree = "<group>";
		};
		269DAE0309BD47D3BC9043EF /* ALL_BUILD */ = {
			isa = PBXGroup;
			children = (
				68609248EE7A4A02A9FE88D1 /* CMake Rules */,
				92428DDCAFCC4869BEA697EC /* /Users/s1r/Desktop/computer_graphics_hw3/CMakeLists.txt */,
			);
			name = ALL_BUILD;
			sourceTree = "<group>";
		};
		2C67D5B9DDD64F0CB2472DFD /* CMake Rules */ = {
			isa = PBXGroup;
			children = (
			);
			name = "CMake Rules";
			sourceTree = "<group>";
		};
		374CCC0FA6DF4D1C93CC55F1 /* Products */ = {
			isa = PBXGroup;
			children = (
				FA5B02C32B8B4A40B4345C17 /* pathtrace */,
			);
			name = Products;
			sourceTree = "<group>";
		};
		68609248EE7A4A02A9FE88D1 /* CMake Rules */ = {
			isa = PBXGroup;
			children = (
			);
			name = "CMake Rules";
			sourceTree = "<group>";
		};
		B75A2F48338A477DBD8C4A7F /* Header Files */ = {
			isa = PBXGroup;
			children = (
				F5DEE2FAF98B4BEDADA14AA1 /* /Users/s1r/Desktop/computer_graphics_hw3/src/json.hpp */,
				E705E078903649379E23F978 /* /Users/s1r/Desktop/computer_graphics_hw3/src/printData.h */,
				5249C09E31D24904AF6A31BC /* /Users/s1r/Desktop/computer_graphics_hw3/src/stb_image.h */,
				8A191117BC2649D3A52DF3DB /* /Users/s1r/Desktop/computer_graphics_hw3/src/stb_image_resize.h */,
				C79E6543B9DE407A8A27F0C7 /* /Users/s1r/Desktop/computer_graphics_hw3/src/stb_image_write.h */,
				C029CC5F05B34312AE4F80E7 /* /Users/s1r/Desktop/computer_graphics_hw3/src/tinyexr.h */,
				BB802B63C0574BBCA5528C71 /* /Users/s1r/Desktop/computer_graphics_hw3/src/yocto_gl.h */,
			);
			name = "Header Files";
			sourceTree = "<group>";
		};
		C0846B174EA341518CFB2393 /* pathtrace */ = {
			isa = PBXGroup;
			children = (
				B75A2F48338A477DBD8C4A7F /* Header Files */,
				19F3E61E3392452AA4246EE4 /* Source Files */,
				0F5720349DB34B80B5264E4A /* /Users/s1r/Desktop/computer_graphics_hw3/CMakeLists.txt */,
			);
			name = pathtrace;
			sourceTree = "<group>";
		};
		F30879A7FD1B4304AB9F5708 /* ZERO_CHECK */ = {
			isa = PBXGroup;
			children = (
				2C67D5B9DDD64F0CB2472DFD /* CMake Rules */,
				0EC4BD29491D4B87A279EF35 /* /Users/s1r/Desktop/computer_graphics_hw3/CMakeLists.txt */,
			);
			name = ZERO_CHECK;
			sourceTree = "<group>";
		};
		FBCD570ECE1A4A8196F69BB6 = {
			isa = PBXGroup;
			children = (
				C0846B174EA341518CFB2393 /* pathtrace */,
				269DAE0309BD47D3BC9043EF /* ALL_BUILD */,
				F30879A7FD1B4304AB9F5708 /* ZERO_CHECK */,
				374CCC0FA6DF4D1C93CC55F1 /* Products */,
			);
			sourceTree = "<group>";
		};
/* End PBXGroup section */

/* Begin PBXNativeTarget section */
		28A9E189F7634FC48A2774B9 /* pathtrace */ = {
			isa = PBXNativeTarget;
			buildConfigurationList = 0795403640D847B79DEDC920 /* Build configuration list for PBXNativeTarget "pathtrace" */;
			buildPhases = (
				2CAFFF1BD8454F589A2F6299 /* Sources */,
			);
			buildRules = (
			);
			dependencies = (
				AF7609A07A904C329D7539D3 /* PBXTargetDependency */,
			);
			name = pathtrace;
			productName = pathtrace;
			productReference = FA5B02C32B8B4A40B4345C17 /* pathtrace */;
			productType = "com.apple.product-type.tool";
		};
/* End PBXNativeTarget section */

/* Begin PBXProject section */
		F1D28F36432141C28E5155D4 /* Project object */ = {
			isa = PBXProject;
			attributes = {
				BuildIndependentTargetsInParallel = YES;
				LastUpgradeCheck = 0910;
			};
			buildConfigurationList = 5CB1C0B4B20342399ADB12C7 /* Build configuration list for PBXProject "graphics17b_hw03" */;
			buildSettings = {
			};
			buildStyles = (
				636D9B9CA33C4AD88377C633 /* Debug */,
				91FEA512343144D59DFCF6E4 /* Release */,
				8A8CD42008E1484A8E9A46AF /* MinSizeRel */,
				BA9807F287D54469A5FC0531 /* RelWithDebInfo */,
			);
			compatibilityVersion = "Xcode 3.2";
			hasScannedForEncodings = 0;
			mainGroup = FBCD570ECE1A4A8196F69BB6;
			projectDirPath = ../;
			projectRoot = "";
			targets = (
				C24FECEC92534BB8A5ED7FD3 /* ALL_BUILD */,
				B2AD7B19FBAC4A9699DE6E96 /* ZERO_CHECK */,
				28A9E189F7634FC48A2774B9 /* pathtrace */,
			);
		};
/* End PBXProject section */

/* Begin PBXShellScriptBuildPhase section */
		79109A042EA24478B7ECBD59 = {
			isa = PBXShellScriptBuildPhase;
			buildActionMask = 2147483647;
			files = (
			);
			inputPaths = (
			);
			outputPaths = (
			);
			runOnlyForDeploymentPostprocessing = 0;
			shellPath = /bin/sh;
			shellScript = "# shell script goes here
exit 0";
			showEnvVarsInLog = 0;
		};
		A3180D71C8164E41A9F1B880 /* CMake Rules */ = {
			isa = PBXShellScriptBuildPhase;
			buildActionMask = 2147483647;
			files = (
			);
			name = "CMake Rules";
			runOnlyForDeploymentPostprocessing = 0;
			shellPath = /bin/sh;
			shellScript = "make -C /Users/s1r/Desktop/computer_graphics_hw3/xcode -f /Users/s1r/Desktop/computer_graphics_hw3/xcode/CMakeScripts/ZERO_CHECK_cmakeRulesBuildPhase.make$CONFIGURATION all";
			showEnvVarsInLog = 0;
		};
		AC34146F42DB46FCAD95BACE = {
			isa = PBXShellScriptBuildPhase;
			buildActionMask = 2147483647;
			files = (
			);
			inputPaths = (
			);
			outputPaths = (
			);
			runOnlyForDeploymentPostprocessing = 0;
			shellPath = /bin/sh;
			shellScript = "# shell script goes here
exit 0";
			showEnvVarsInLog = 0;
		};
		DC72EFEBE00A4D629DFFBF05 /* CMake Rules */ = {
			isa = PBXShellScriptBuildPhase;
			buildActionMask = 2147483647;
			files = (
			);
			name = "CMake Rules";
			runOnlyForDeploymentPostprocessing = 0;
			shellPath = /bin/sh;
			shellScript = "make -C /Users/s1r/Desktop/computer_graphics_hw3/xcode -f /Users/s1r/Desktop/computer_graphics_hw3/xcode/CMakeScripts/ALL_BUILD_cmakeRulesBuildPhase.make$CONFIGURATION all";
			showEnvVarsInLog = 0;
		};
/* End PBXShellScriptBuildPhase section */

/* Begin PBXSourcesBuildPhase section */
		2CAFFF1BD8454F589A2F6299 /* Sources */ = {
			isa = PBXSourcesBuildPhase;
			buildActionMask = 2147483647;
			files = (
				5668CB715ED547F5A06F53BC /* /Users/s1r/Desktop/computer_graphics_hw3/src/pathtrace.cpp */,
			);
			runOnlyForDeploymentPostprocessing = 0;
		};
/* End PBXSourcesBuildPhase section */

/* Begin PBXTargetDependency section */
		6E38BEC88A064D548AC0E20F /* PBXTargetDependency */ = {
			isa = PBXTargetDependency;
			target = B2AD7B19FBAC4A9699DE6E96 /* ZERO_CHECK */;
			targetProxy = E3D8DBD11EBF408091BF784E /* PBXContainerItemProxy */;
		};
		AF7609A07A904C329D7539D3 /* PBXTargetDependency */ = {
			isa = PBXTargetDependency;
			target = B2AD7B19FBAC4A9699DE6E96 /* ZERO_CHECK */;
			targetProxy = 7AC4EAE7682040568844A441 /* PBXContainerItemProxy */;
		};
		D45952615D64484DB4257C52 /* PBXTargetDependency */ = {
			isa = PBXTargetDependency;
			target = 28A9E189F7634FC48A2774B9 /* pathtrace */;
			targetProxy = FB4B44C908C242FABF50B3EA /* PBXContainerItemProxy */;
		};
/* End PBXTargetDependency section */

/* Begin XCBuildConfiguration section */
		06904B0805754F4EA534AE9E /* MinSizeRel */ = {
			isa = XCBuildConfiguration;
			buildSettings = {
				ONLY_ACTIVE_ARCH = YES;
				SDKROOT = /Applications/Xcode.app/Contents/Developer/Platforms/MacOSX.platform/Developer/SDKs/MacOSX10.13.sdk;
				SYMROOT = /Users/s1r/Desktop/computer_graphics_hw3/xcode/build;
			};
			name = MinSizeRel;
		};
		3309B1A68D034DF993FEDCF5 /* Debug */ = {
			isa = XCBuildConfiguration;
			buildSettings = {
				ONLY_ACTIVE_ARCH = YES;
				SDKROOT = /Applications/Xcode.app/Contents/Developer/Platforms/MacOSX.platform/Developer/SDKs/MacOSX10.13.sdk;
				SYMROOT = /Users/s1r/Desktop/computer_graphics_hw3/xcode/build;
			};
			name = Debug;
		};
		3B02F3B2E317403699D4B391 /* Debug */ = {
			isa = XCBuildConfiguration;
			buildSettings = {
				COMBINE_HIDPI_IMAGES = YES;
				CONFIGURATION_BUILD_DIR = /Users/s1r/Desktop/computer_graphics_hw3/bin/Debug;
				EXECUTABLE_PREFIX = "";
				EXECUTABLE_SUFFIX = "";
				GCC_GENERATE_DEBUGGING_SYMBOLS = YES;
				GCC_INLINES_ARE_PRIVATE_EXTERN = NO;
				GCC_OPTIMIZATION_LEVEL = 0;
				GCC_PREPROCESSOR_DEFINITIONS = ("'CMAKE_INTDIR=\"$(CONFIGURATION)$(EFFECTIVE_PLATFORM_NAME)\"'");
				GCC_SYMBOLS_PRIVATE_EXTERN = NO;
				INSTALL_PATH = "";
				LIBRARY_SEARCH_PATHS = "";
				OTHER_CPLUSPLUSFLAGS = "   '-std=gnu++14'   -Wno-missing-braces";
				OTHER_LDFLAGS = " -Wl,-search_paths_first -Wl,-headerpad_max_install_names  ";
				OTHER_REZFLAGS = "";
				PRODUCT_NAME = pathtrace;
				SECTORDER_FLAGS = "";
				SYMROOT = /Users/s1r/Desktop/computer_graphics_hw3/xcode;
				USE_HEADERMAP = NO;
				WARNING_CFLAGS = ("-Wmost","-Wno-four-char-constants","-Wno-unknown-pragmas","$(inherited)");
			};
			name = Debug;
		};
		41BB6C74A5D64F298F1F9BDA /* Debug */ = {
			isa = XCBuildConfiguration;
			buildSettings = {
				COMBINE_HIDPI_IMAGES = YES;
				GCC_GENERATE_DEBUGGING_SYMBOLS = YES;
				GCC_INLINES_ARE_PRIVATE_EXTERN = NO;
				GCC_OPTIMIZATION_LEVEL = 0;
				GCC_PREPROCESSOR_DEFINITIONS = ("'CMAKE_INTDIR=\"$(CONFIGURATION)$(EFFECTIVE_PLATFORM_NAME)\"'");
				GCC_SYMBOLS_PRIVATE_EXTERN = NO;
				INSTALL_PATH = "";
				OTHER_LDFLAGS = " ";
				OTHER_REZFLAGS = "";
				PRODUCT_NAME = ALL_BUILD;
				SECTORDER_FLAGS = "";
				SYMROOT = /Users/s1r/Desktop/computer_graphics_hw3/xcode;
				USE_HEADERMAP = NO;
				WARNING_CFLAGS = ("-Wmost","-Wno-four-char-constants","-Wno-unknown-pragmas","$(inherited)");
			};
			name = Debug;
		};
		4651F57958B546FD818A0D5A /* Release */ = {
			isa = XCBuildConfiguration;
			buildSettings = {
				COMBINE_HIDPI_IMAGES = YES;
				CONFIGURATION_BUILD_DIR = /Users/s1r/Desktop/computer_graphics_hw3/bin/Release;
				EXECUTABLE_PREFIX = "";
				EXECUTABLE_SUFFIX = "";
				GCC_GENERATE_DEBUGGING_SYMBOLS = NO;
				GCC_INLINES_ARE_PRIVATE_EXTERN = NO;
				GCC_OPTIMIZATION_LEVEL = 3;
				GCC_PREPROCESSOR_DEFINITIONS = ("'CMAKE_INTDIR=\"$(CONFIGURATION)$(EFFECTIVE_PLATFORM_NAME)\"'");
				GCC_SYMBOLS_PRIVATE_EXTERN = NO;
				INSTALL_PATH = "";
				LIBRARY_SEARCH_PATHS = "";
				OTHER_CPLUSPLUSFLAGS = "    -DNDEBUG '-std=gnu++14'   -Wno-missing-braces";
				OTHER_LDFLAGS = " -Wl,-search_paths_first -Wl,-headerpad_max_install_names  ";
				OTHER_REZFLAGS = "";
				PRODUCT_NAME = pathtrace;
				SECTORDER_FLAGS = "";
				SYMROOT = /Users/s1r/Desktop/computer_graphics_hw3/xcode;
				USE_HEADERMAP = NO;
				WARNING_CFLAGS = ("-Wmost","-Wno-four-char-constants","-Wno-unknown-pragmas","$(inherited)");
			};
			name = Release;
		};
		4A981253D9B14A0A9884A4F9 /* Release */ = {
			isa = XCBuildConfiguration;
			buildSettings = {
				ONLY_ACTIVE_ARCH = YES;
				SDKROOT = /Applications/Xcode.app/Contents/Developer/Platforms/MacOSX.platform/Developer/SDKs/MacOSX10.13.sdk;
				SYMROOT = /Users/s1r/Desktop/computer_graphics_hw3/xcode/build;
			};
			name = Release;
		};
		4C19FD8F0C1247C19F5DC79A /* MinSizeRel */ = {
			isa = XCBuildConfiguration;
			buildSettings = {
				COMBINE_HIDPI_IMAGES = YES;
				GCC_GENERATE_DEBUGGING_SYMBOLS = YES;
				GCC_INLINES_ARE_PRIVATE_EXTERN = NO;
				GCC_OPTIMIZATION_LEVEL = 0;
				GCC_PREPROCESSOR_DEFINITIONS = ("'CMAKE_INTDIR=\"$(CONFIGURATION)$(EFFECTIVE_PLATFORM_NAME)\"'");
				GCC_SYMBOLS_PRIVATE_EXTERN = NO;
				INSTALL_PATH = "";
				OTHER_LDFLAGS = " ";
				OTHER_REZFLAGS = "";
				PRODUCT_NAME = ALL_BUILD;
				SECTORDER_FLAGS = "";
				SYMROOT = /Users/s1r/Desktop/computer_graphics_hw3/xcode;
				USE_HEADERMAP = NO;
				WARNING_CFLAGS = ("-Wmost","-Wno-four-char-constants","-Wno-unknown-pragmas","$(inherited)");
			};
			name = MinSizeRel;
		};
		51FB2A0355954B5889473A9E /* Debug */ = {
			isa = XCBuildConfiguration;
			buildSettings = {
				COMBINE_HIDPI_IMAGES = YES;
				GCC_GENERATE_DEBUGGING_SYMBOLS = YES;
				GCC_INLINES_ARE_PRIVATE_EXTERN = NO;
				GCC_OPTIMIZATION_LEVEL = 0;
				GCC_PREPROCESSOR_DEFINITIONS = ("'CMAKE_INTDIR=\"$(CONFIGURATION)$(EFFECTIVE_PLATFORM_NAME)\"'");
				GCC_SYMBOLS_PRIVATE_EXTERN = NO;
				INSTALL_PATH = "";
				OTHER_LDFLAGS = " ";
				OTHER_REZFLAGS = "";
				PRODUCT_NAME = ZERO_CHECK;
				SECTORDER_FLAGS = "";
				SYMROOT = /Users/s1r/Desktop/computer_graphics_hw3/xcode;
				USE_HEADERMAP = NO;
				WARNING_CFLAGS = ("-Wmost","-Wno-four-char-constants","-Wno-unknown-pragmas","$(inherited)");
			};
			name = Debug;
		};
		9F6D3228B7A2435D9008738A /* MinSizeRel */ = {
			isa = XCBuildConfiguration;
			buildSettings = {
				COMBINE_HIDPI_IMAGES = YES;
				CONFIGURATION_BUILD_DIR = /Users/s1r/Desktop/computer_graphics_hw3/bin/MinSizeRel;
				EXECUTABLE_PREFIX = "";
				EXECUTABLE_SUFFIX = "";
				GCC_GENERATE_DEBUGGING_SYMBOLS = NO;
				GCC_INLINES_ARE_PRIVATE_EXTERN = NO;
				GCC_OPTIMIZATION_LEVEL = s;
				GCC_PREPROCESSOR_DEFINITIONS = ("'CMAKE_INTDIR=\"$(CONFIGURATION)$(EFFECTIVE_PLATFORM_NAME)\"'");
				GCC_SYMBOLS_PRIVATE_EXTERN = NO;
				INSTALL_PATH = "";
				LIBRARY_SEARCH_PATHS = "";
				OTHER_CPLUSPLUSFLAGS = "    -DNDEBUG '-std=gnu++14'   -Wno-missing-braces";
				OTHER_LDFLAGS = " -Wl,-search_paths_first -Wl,-headerpad_max_install_names  ";
				OTHER_REZFLAGS = "";
				PRODUCT_NAME = pathtrace;
				SECTORDER_FLAGS = "";
				SYMROOT = /Users/s1r/Desktop/computer_graphics_hw3/xcode;
				USE_HEADERMAP = NO;
				WARNING_CFLAGS = ("-Wmost","-Wno-four-char-constants","-Wno-unknown-pragmas","$(inherited)");
			};
			name = MinSizeRel;
		};
		AED4716D7D554246B2D1F9F0 /* Release */ = {
			isa = XCBuildConfiguration;
			buildSettings = {
				COMBINE_HIDPI_IMAGES = YES;
				GCC_GENERATE_DEBUGGING_SYMBOLS = YES;
				GCC_INLINES_ARE_PRIVATE_EXTERN = NO;
				GCC_OPTIMIZATION_LEVEL = 0;
				GCC_PREPROCESSOR_DEFINITIONS = ("'CMAKE_INTDIR=\"$(CONFIGURATION)$(EFFECTIVE_PLATFORM_NAME)\"'");
				GCC_SYMBOLS_PRIVATE_EXTERN = NO;
				INSTALL_PATH = "";
				OTHER_LDFLAGS = " ";
				OTHER_REZFLAGS = "";
				PRODUCT_NAME = ZERO_CHECK;
				SECTORDER_FLAGS = "";
				SYMROOT = /Users/s1r/Desktop/computer_graphics_hw3/xcode;
				USE_HEADERMAP = NO;
				WARNING_CFLAGS = ("-Wmost","-Wno-four-char-constants","-Wno-unknown-pragmas","$(inherited)");
			};
			name = Release;
		};
		B1E1BAB9517047B9A8283F12 /* RelWithDebInfo */ = {
			isa = XCBuildConfiguration;
			buildSettings = {
				COMBINE_HIDPI_IMAGES = YES;
				GCC_GENERATE_DEBUGGING_SYMBOLS = YES;
				GCC_INLINES_ARE_PRIVATE_EXTERN = NO;
				GCC_OPTIMIZATION_LEVEL = 0;
				GCC_PREPROCESSOR_DEFINITIONS = ("'CMAKE_INTDIR=\"$(CONFIGURATION)$(EFFECTIVE_PLATFORM_NAME)\"'");
				GCC_SYMBOLS_PRIVATE_EXTERN = NO;
				INSTALL_PATH = "";
				OTHER_LDFLAGS = " ";
				OTHER_REZFLAGS = "";
				PRODUCT_NAME = ALL_BUILD;
				SECTORDER_FLAGS = "";
				SYMROOT = /Users/s1r/Desktop/computer_graphics_hw3/xcode;
				USE_HEADERMAP = NO;
				WARNING_CFLAGS = ("-Wmost","-Wno-four-char-constants","-Wno-unknown-pragmas","$(inherited)");
			};
			name = RelWithDebInfo;
		};
		C68504E7C1BD48299C984BFE /* Release */ = {
			isa = XCBuildConfiguration;
			buildSettings = {
				COMBINE_HIDPI_IMAGES = YES;
				GCC_GENERATE_DEBUGGING_SYMBOLS = YES;
				GCC_INLINES_ARE_PRIVATE_EXTERN = NO;
				GCC_OPTIMIZATION_LEVEL = 0;
				GCC_PREPROCESSOR_DEFINITIONS = ("'CMAKE_INTDIR=\"$(CONFIGURATION)$(EFFECTIVE_PLATFORM_NAME)\"'");
				GCC_SYMBOLS_PRIVATE_EXTERN = NO;
				INSTALL_PATH = "";
				OTHER_LDFLAGS = " ";
				OTHER_REZFLAGS = "";
				PRODUCT_NAME = ALL_BUILD;
				SECTORDER_FLAGS = "";
				SYMROOT = /Users/s1r/Desktop/computer_graphics_hw3/xcode;
				USE_HEADERMAP = NO;
				WARNING_CFLAGS = ("-Wmost","-Wno-four-char-constants","-Wno-unknown-pragmas","$(inherited)");
			};
			name = Release;
		};
		C85F1408E01D4A21BA8BF53C /* RelWithDebInfo */ = {
			isa = XCBuildConfiguration;
			buildSettings = {
				COMBINE_HIDPI_IMAGES = YES;
				GCC_GENERATE_DEBUGGING_SYMBOLS = YES;
				GCC_INLINES_ARE_PRIVATE_EXTERN = NO;
				GCC_OPTIMIZATION_LEVEL = 0;
				GCC_PREPROCESSOR_DEFINITIONS = ("'CMAKE_INTDIR=\"$(CONFIGURATION)$(EFFECTIVE_PLATFORM_NAME)\"'");
				GCC_SYMBOLS_PRIVATE_EXTERN = NO;
				INSTALL_PATH = "";
				OTHER_LDFLAGS = " ";
				OTHER_REZFLAGS = "";
				PRODUCT_NAME = ZERO_CHECK;
				SECTORDER_FLAGS = "";
				SYMROOT = /Users/s1r/Desktop/computer_graphics_hw3/xcode;
				USE_HEADERMAP = NO;
				WARNING_CFLAGS = ("-Wmost","-Wno-four-char-constants","-Wno-unknown-pragmas","$(inherited)");
			};
			name = RelWithDebInfo;
		};
		CEB5DF2348C04AEEBE50F96C /* MinSizeRel */ = {
			isa = XCBuildConfiguration;
			buildSettings = {
				COMBINE_HIDPI_IMAGES = YES;
				GCC_GENERATE_DEBUGGING_SYMBOLS = YES;
				GCC_INLINES_ARE_PRIVATE_EXTERN = NO;
				GCC_OPTIMIZATION_LEVEL = 0;
				GCC_PREPROCESSOR_DEFINITIONS = ("'CMAKE_INTDIR=\"$(CONFIGURATION)$(EFFECTIVE_PLATFORM_NAME)\"'");
				GCC_SYMBOLS_PRIVATE_EXTERN = NO;
				INSTALL_PATH = "";
				OTHER_LDFLAGS = " ";
				OTHER_REZFLAGS = "";
				PRODUCT_NAME = ZERO_CHECK;
				SECTORDER_FLAGS = "";
				SYMROOT = /Users/s1r/Desktop/computer_graphics_hw3/xcode;
				USE_HEADERMAP = NO;
				WARNING_CFLAGS = ("-Wmost","-Wno-four-char-constants","-Wno-unknown-pragmas","$(inherited)");
			};
			name = MinSizeRel;
		};
		CF2B385CBC1D4D9AB6CB3513 /* RelWithDebInfo */ = {
			isa = XCBuildConfiguration;
			buildSettings = {
				COMBINE_HIDPI_IMAGES = YES;
				CONFIGURATION_BUILD_DIR = /Users/s1r/Desktop/computer_graphics_hw3/bin/RelWithDebInfo;
				EXECUTABLE_PREFIX = "";
				EXECUTABLE_SUFFIX = "";
				GCC_GENERATE_DEBUGGING_SYMBOLS = YES;
				GCC_INLINES_ARE_PRIVATE_EXTERN = NO;
				GCC_OPTIMIZATION_LEVEL = 2;
				GCC_PREPROCESSOR_DEFINITIONS = ("'CMAKE_INTDIR=\"$(CONFIGURATION)$(EFFECTIVE_PLATFORM_NAME)\"'");
				GCC_SYMBOLS_PRIVATE_EXTERN = NO;
				INSTALL_PATH = "";
				LIBRARY_SEARCH_PATHS = "";
				OTHER_CPLUSPLUSFLAGS = "       -DNDEBUG '-std=gnu++14'   -Wno-missing-braces";
				OTHER_LDFLAGS = " -Wl,-search_paths_first -Wl,-headerpad_max_install_names  ";
				OTHER_REZFLAGS = "";
				PRODUCT_NAME = pathtrace;
				SECTORDER_FLAGS = "";
				SYMROOT = /Users/s1r/Desktop/computer_graphics_hw3/xcode;
				USE_HEADERMAP = NO;
				WARNING_CFLAGS = ("-Wmost","-Wno-four-char-constants","-Wno-unknown-pragmas","$(inherited)");
			};
			name = RelWithDebInfo;
		};
		EB8C9D5DC19749EFA9CFF32F /* RelWithDebInfo */ = {
			isa = XCBuildConfiguration;
			buildSettings = {
				ONLY_ACTIVE_ARCH = YES;
				SDKROOT = /Applications/Xcode.app/Contents/Developer/Platforms/MacOSX.platform/Developer/SDKs/MacOSX10.13.sdk;
				SYMROOT = /Users/s1r/Desktop/computer_graphics_hw3/xcode/build;
			};
			name = RelWithDebInfo;
		};
/* End XCBuildConfiguration section */

/* Begin XCConfigurationList section */
		0795403640D847B79DEDC920 /* Build configuration list for PBXNativeTarget "pathtrace" */ = {
			isa = XCConfigurationList;
			buildConfigurations = (
				3B02F3B2E317403699D4B391 /* Debug */,
				4651F57958B546FD818A0D5A /* Release */,
				9F6D3228B7A2435D9008738A /* MinSizeRel */,
				CF2B385CBC1D4D9AB6CB3513 /* RelWithDebInfo */,
			);
			defaultConfigurationIsVisible = 0;
			defaultConfigurationName = Debug;
		};
		5CB1C0B4B20342399ADB12C7 /* Build configuration list for PBXProject "graphics17b_hw03" */ = {
			isa = XCConfigurationList;
			buildConfigurations = (
				3309B1A68D034DF993FEDCF5 /* Debug */,
				4A981253D9B14A0A9884A4F9 /* Release */,
				06904B0805754F4EA534AE9E /* MinSizeRel */,
				EB8C9D5DC19749EFA9CFF32F /* RelWithDebInfo */,
			);
			defaultConfigurationIsVisible = 0;
			defaultConfigurationName = Debug;
		};
		BA9DD156CA634C93ACB926D7 /* Build configuration list for PBXAggregateTarget "ALL_BUILD" */ = {
			isa = XCConfigurationList;
			buildConfigurations = (
				41BB6C74A5D64F298F1F9BDA /* Debug */,
				C68504E7C1BD48299C984BFE /* Release */,
				4C19FD8F0C1247C19F5DC79A /* MinSizeRel */,
				B1E1BAB9517047B9A8283F12 /* RelWithDebInfo */,
			);
			defaultConfigurationIsVisible = 0;
			defaultConfigurationName = Debug;
		};
		F4D317ECD4A047A38598DD06 /* Build configuration list for PBXAggregateTarget "ZERO_CHECK" */ = {
			isa = XCConfigurationList;
			buildConfigurations = (
				51FB2A0355954B5889473A9E /* Debug */,
				AED4716D7D554246B2D1F9F0 /* Release */,
				CEB5DF2348C04AEEBE50F96C /* MinSizeRel */,
				C85F1408E01D4A21BA8BF53C /* RelWithDebInfo */,
			);
			defaultConfigurationIsVisible = 0;
			defaultConfigurationName = Debug;
		};
/* End XCConfigurationList section */
	};
	rootObject = F1D28F36432141C28E5155D4 /* Project object */;
}
