// !$*UTF8*$!
{
	archiveVersion = 1;
	classes = {
	};
	objectVersion = 46;
	objects = {

/* Begin PBXAggregateTarget section */
		B2AD7B19FBAC4A9699DE6E96 /* ZERO_CHECK */ = {
			isa = PBXAggregateTarget;
			buildConfigurationList = DB849C9C1BFE48179CBDBA08 /* Build configuration list for PBXAggregateTarget "ZERO_CHECK" */;
			buildPhases = (
				F3FAAA416467483B872A9CA8 /* CMake Rules */,
			);
			dependencies = (
			);
			name = ZERO_CHECK;
			productName = ZERO_CHECK;
		};
		C24FECEC92534BB8A5ED7FD3 /* ALL_BUILD */ = {
			isa = PBXAggregateTarget;
			buildConfigurationList = 5A6ED42AA87B482192EF7E90 /* Build configuration list for PBXAggregateTarget "ALL_BUILD" */;
			buildPhases = (
				F92AC004DFE042D98A6EAE94 /* CMake Rules */,
			);
			dependencies = (
				6E048A6890064055921801D4 /* PBXTargetDependency */,
				7B8642728778468CB6AA5781 /* PBXTargetDependency */,
			);
			name = ALL_BUILD;
			productName = ALL_BUILD;
		};
/* End PBXAggregateTarget section */

/* Begin PBXBuildFile section */
		10AA2DE38CD64A76AD0B3B08 /* /Users/s1r/Desktop/computer_graphics_hw3/src/json.hpp */ = {isa = PBXBuildFile; fileRef = 76793B351DD04F9DA983B624 /* /Users/s1r/Desktop/computer_graphics_hw3/src/json.hpp */; };
		137DDA9702CE4332BC9E0A33 /* /Users/s1r/Desktop/computer_graphics_hw3/src/yocto_gl.h */ = {isa = PBXBuildFile; fileRef = 1ED04802FCA345248DDF1CF9 /* /Users/s1r/Desktop/computer_graphics_hw3/src/yocto_gl.h */; };
		1E78A0258A8A4E5EB86826C7 /* /Users/s1r/Desktop/computer_graphics_hw3/CMakeLists.txt */ = {isa = PBXBuildFile; fileRef = 5EE0E89F04D84A01A00A5148 /* /Users/s1r/Desktop/computer_graphics_hw3/CMakeLists.txt */; };
		43BB3A7B7DC145E9A9B26D67 /* /Users/s1r/Desktop/computer_graphics_hw3/src/stb_image.h */ = {isa = PBXBuildFile; fileRef = 2908130ED265480A9D39CA8E /* /Users/s1r/Desktop/computer_graphics_hw3/src/stb_image.h */; };
		81B01A2F45B64030978530E1 /* /Users/s1r/Desktop/computer_graphics_hw3/src/stb_image_resize.h */ = {isa = PBXBuildFile; fileRef = 7D2C27A98E944DBB94ABE671 /* /Users/s1r/Desktop/computer_graphics_hw3/src/stb_image_resize.h */; };
		A4B991C4A4C1432896717818 /* /Users/s1r/Desktop/computer_graphics_hw3/src/printData.h */ = {isa = PBXBuildFile; fileRef = E2030DCA773E4E2AB10D1E34 /* /Users/s1r/Desktop/computer_graphics_hw3/src/printData.h */; };
		A6CF6D7FE5074D68A8B52901 /* /Users/s1r/Desktop/computer_graphics_hw3/src/tinyexr.h */ = {isa = PBXBuildFile; fileRef = 6CCA25AFB9AD4651942DA4EF /* /Users/s1r/Desktop/computer_graphics_hw3/src/tinyexr.h */; };
		AF350DA949C64EB4A30AA278 /* /Users/s1r/Desktop/computer_graphics_hw3/src/pathtrace.cpp */ = {isa = PBXBuildFile; fileRef = 4489D62FEF2A4B0D9A543C53 /* /Users/s1r/Desktop/computer_graphics_hw3/src/pathtrace.cpp */; };
		DBCE6F55EBAF477498093F6D /* /Users/s1r/Desktop/computer_graphics_hw3/src/stb_image_write.h */ = {isa = PBXBuildFile; fileRef = 24946C8472784C09B3FDD1F9 /* /Users/s1r/Desktop/computer_graphics_hw3/src/stb_image_write.h */; };
/* End PBXBuildFile section */

/* Begin PBXBuildStyle section */
		6DFA2069BB92454592CC82FE /* Release */ = {
			isa = PBXBuildStyle;
			buildSettings = {
				COPY_PHASE_STRIP = NO;
			};
			name = Release;
		};
		91064EC5EAE249FDA4B2D8CD /* Debug */ = {
			isa = PBXBuildStyle;
			buildSettings = {
				COPY_PHASE_STRIP = NO;
			};
			name = Debug;
		};
		B5B20D90F31A436898B75887 /* MinSizeRel */ = {
			isa = PBXBuildStyle;
			buildSettings = {
				COPY_PHASE_STRIP = NO;
			};
			name = MinSizeRel;
		};
		BC85874CC09348C18E404188 /* RelWithDebInfo */ = {
			isa = PBXBuildStyle;
			buildSettings = {
				COPY_PHASE_STRIP = NO;
			};
			name = RelWithDebInfo;
		};
/* End PBXBuildStyle section */

/* Begin PBXContainerItemProxy section */
		4E2D28B8871B44109ED0FA5F /* PBXContainerItemProxy */ = {
			isa = PBXContainerItemProxy;
			containerPortal = F1D28F36432141C28E5155D4 /* Project object */;
			proxyType = 1;
			remoteGlobalIDString = 28A9E189F7634FC48A2774B9;
			remoteInfo = pathtrace;
		};
		80EB3DE9C54644598F5F4BD4 /* PBXContainerItemProxy */ = {
			isa = PBXContainerItemProxy;
			containerPortal = F1D28F36432141C28E5155D4 /* Project object */;
			proxyType = 1;
			remoteGlobalIDString = B2AD7B19FBAC4A9699DE6E96;
			remoteInfo = ZERO_CHECK;
		};
		F3CC7BB932FC4A43993198ED /* PBXContainerItemProxy */ = {
			isa = PBXContainerItemProxy;
			containerPortal = F1D28F36432141C28E5155D4 /* Project object */;
			proxyType = 1;
			remoteGlobalIDString = B2AD7B19FBAC4A9699DE6E96;
			remoteInfo = ZERO_CHECK;
		};
/* End PBXContainerItemProxy section */

/* Begin PBXFileReference section */
		1ED04802FCA345248DDF1CF9 /* /Users/s1r/Desktop/computer_graphics_hw3/src/yocto_gl.h */ = {isa = PBXFileReference; explicitFileType = sourcecode.c.h; fileEncoding = 4; name = yocto_gl.h; path = src/yocto_gl.h; sourceTree = SOURCE_ROOT; };
		24946C8472784C09B3FDD1F9 /* /Users/s1r/Desktop/computer_graphics_hw3/src/stb_image_write.h */ = {isa = PBXFileReference; explicitFileType = sourcecode.c.h; fileEncoding = 4; name = stb_image_write.h; path = src/stb_image_write.h; sourceTree = SOURCE_ROOT; };
		2908130ED265480A9D39CA8E /* /Users/s1r/Desktop/computer_graphics_hw3/src/stb_image.h */ = {isa = PBXFileReference; explicitFileType = sourcecode.c.h; fileEncoding = 4; name = stb_image.h; path = src/stb_image.h; sourceTree = SOURCE_ROOT; };
		33D3F78074E748B39734B329 /* pathtrace */ = {isa = PBXFileReference; explicitFileType = "compiled.mach-o.executable"; path = pathtrace; sourceTree = BUILT_PRODUCTS_DIR; };
		4489D62FEF2A4B0D9A543C53 /* /Users/s1r/Desktop/computer_graphics_hw3/src/pathtrace.cpp */ = {isa = PBXFileReference; explicitFileType = sourcecode.cpp.cpp; fileEncoding = 4; name = pathtrace.cpp; path = src/pathtrace.cpp; sourceTree = SOURCE_ROOT; };
		5EE0E89F04D84A01A00A5148 /* /Users/s1r/Desktop/computer_graphics_hw3/CMakeLists.txt */ = {isa = PBXFileReference; explicitFileType = sourcecode.text; fileEncoding = 4; name = CMakeLists.txt; path = CMakeLists.txt; sourceTree = SOURCE_ROOT; };
		6CCA25AFB9AD4651942DA4EF /* /Users/s1r/Desktop/computer_graphics_hw3/src/tinyexr.h */ = {isa = PBXFileReference; explicitFileType = sourcecode.c.h; fileEncoding = 4; name = tinyexr.h; path = src/tinyexr.h; sourceTree = SOURCE_ROOT; };
		6EF6FD89137842D3977FD475 /* /Users/s1r/Desktop/computer_graphics_hw3/CMakeLists.txt */ = {isa = PBXFileReference; explicitFileType = sourcecode.text; fileEncoding = 4; name = CMakeLists.txt; path = CMakeLists.txt; sourceTree = SOURCE_ROOT; };
		76793B351DD04F9DA983B624 /* /Users/s1r/Desktop/computer_graphics_hw3/src/json.hpp */ = {isa = PBXFileReference; explicitFileType = sourcecode.cpp.h; fileEncoding = 4; name = json.hpp; path = src/json.hpp; sourceTree = SOURCE_ROOT; };
		7D2C27A98E944DBB94ABE671 /* /Users/s1r/Desktop/computer_graphics_hw3/src/stb_image_resize.h */ = {isa = PBXFileReference; explicitFileType = sourcecode.c.h; fileEncoding = 4; name = stb_image_resize.h; path = src/stb_image_resize.h; sourceTree = SOURCE_ROOT; };
		E2030DCA773E4E2AB10D1E34 /* /Users/s1r/Desktop/computer_graphics_hw3/src/printData.h */ = {isa = PBXFileReference; explicitFileType = sourcecode.c.h; fileEncoding = 4; name = printData.h; path = src/printData.h; sourceTree = SOURCE_ROOT; };
		FDA44D0443C44C9599CEF402 /* /Users/s1r/Desktop/computer_graphics_hw3/CMakeLists.txt */ = {isa = PBXFileReference; explicitFileType = sourcecode.text; fileEncoding = 4; name = CMakeLists.txt; path = CMakeLists.txt; sourceTree = SOURCE_ROOT; };
/* End PBXFileReference section */

/* Begin PBXGroup section */
		001A702713E74DC09E430D78 /* Products */ = {
			isa = PBXGroup;
			children = (
				33D3F78074E748B39734B329 /* pathtrace */,
			);
			name = Products;
			sourceTree = "<group>";
		};
		0AF92EA71F094509BA0DE87D /* ALL_BUILD */ = {
			isa = PBXGroup;
			children = (
				7F1EF0CEEA9C4E1980FC58ED /* CMake Rules */,
				6EF6FD89137842D3977FD475 /* /Users/s1r/Desktop/computer_graphics_hw3/CMakeLists.txt */,
			);
			name = ALL_BUILD;
			sourceTree = "<group>";
		};
		3A745D89E7B34192ACE621D3 /* ZERO_CHECK */ = {
			isa = PBXGroup;
			children = (
				CE457B33063544B6AC38BB1C /* CMake Rules */,
				FDA44D0443C44C9599CEF402 /* /Users/s1r/Desktop/computer_graphics_hw3/CMakeLists.txt */,
			);
			name = ZERO_CHECK;
			sourceTree = "<group>";
		};
		649ACEA33C004EC8B695F0F1 /* Header Files */ = {
			isa = PBXGroup;
			children = (
				76793B351DD04F9DA983B624 /* /Users/s1r/Desktop/computer_graphics_hw3/src/json.hpp */,
				E2030DCA773E4E2AB10D1E34 /* /Users/s1r/Desktop/computer_graphics_hw3/src/printData.h */,
				2908130ED265480A9D39CA8E /* /Users/s1r/Desktop/computer_graphics_hw3/src/stb_image.h */,
				7D2C27A98E944DBB94ABE671 /* /Users/s1r/Desktop/computer_graphics_hw3/src/stb_image_resize.h */,
				24946C8472784C09B3FDD1F9 /* /Users/s1r/Desktop/computer_graphics_hw3/src/stb_image_write.h */,
				6CCA25AFB9AD4651942DA4EF /* /Users/s1r/Desktop/computer_graphics_hw3/src/tinyexr.h */,
				1ED04802FCA345248DDF1CF9 /* /Users/s1r/Desktop/computer_graphics_hw3/src/yocto_gl.h */,
			);
			name = "Header Files";
			sourceTree = "<group>";
		};
		675FE10D928542079EA1CD14 = {
			isa = PBXGroup;
			children = (
				FECED218B8EA4A94B4CA3E8B /* pathtrace */,
				0AF92EA71F094509BA0DE87D /* ALL_BUILD */,
				3A745D89E7B34192ACE621D3 /* ZERO_CHECK */,
				001A702713E74DC09E430D78 /* Products */,
			);
			sourceTree = "<group>";
		};
		7F1EF0CEEA9C4E1980FC58ED /* CMake Rules */ = {
			isa = PBXGroup;
			children = (
			);
			name = "CMake Rules";
			sourceTree = "<group>";
		};
		A56D8ACCDA844112A0CC8D3E /* Source Files */ = {
			isa = PBXGroup;
			children = (
				4489D62FEF2A4B0D9A543C53 /* /Users/s1r/Desktop/computer_graphics_hw3/src/pathtrace.cpp */,
			);
			name = "Source Files";
			sourceTree = "<group>";
		};
		CE457B33063544B6AC38BB1C /* CMake Rules */ = {
			isa = PBXGroup;
			children = (
			);
			name = "CMake Rules";
			sourceTree = "<group>";
		};
		FECED218B8EA4A94B4CA3E8B /* pathtrace */ = {
			isa = PBXGroup;
			children = (
				649ACEA33C004EC8B695F0F1 /* Header Files */,
				A56D8ACCDA844112A0CC8D3E /* Source Files */,
				5EE0E89F04D84A01A00A5148 /* /Users/s1r/Desktop/computer_graphics_hw3/CMakeLists.txt */,
			);
			name = pathtrace;
			sourceTree = "<group>";
		};
/* End PBXGroup section */

/* Begin PBXNativeTarget section */
		28A9E189F7634FC48A2774B9 /* pathtrace */ = {
			isa = PBXNativeTarget;
			buildConfigurationList = B5D5313EAEBD460D843AB534 /* Build configuration list for PBXNativeTarget "pathtrace" */;
			buildPhases = (
				79CDD9675EB643A2AEED7DFE /* Sources */,
			);
			buildRules = (
			);
			dependencies = (
				F24D006A478E4FA3A3BFF7DC /* PBXTargetDependency */,
			);
			name = pathtrace;
			productName = pathtrace;
			productReference = 33D3F78074E748B39734B329 /* pathtrace */;
			productType = "com.apple.product-type.tool";
		};
/* End PBXNativeTarget section */

/* Begin PBXProject section */
		F1D28F36432141C28E5155D4 /* Project object */ = {
			isa = PBXProject;
			attributes = {
				BuildIndependentTargetsInParallel = YES;
				LastUpgradeCheck = 0910;
			};
			buildConfigurationList = BE2BB0F692304D9390C7A775 /* Build configuration list for PBXProject "graphics17b_hw03" */;
			buildSettings = {
			};
			buildStyles = (
				91064EC5EAE249FDA4B2D8CD /* Debug */,
				6DFA2069BB92454592CC82FE /* Release */,
				B5B20D90F31A436898B75887 /* MinSizeRel */,
				BC85874CC09348C18E404188 /* RelWithDebInfo */,
			);
			compatibilityVersion = "Xcode 3.2";
			hasScannedForEncodings = 0;
			mainGroup = 675FE10D928542079EA1CD14;
			projectDirPath = ../;
			projectRoot = "";
			targets = (
				C24FECEC92534BB8A5ED7FD3 /* ALL_BUILD */,
				B2AD7B19FBAC4A9699DE6E96 /* ZERO_CHECK */,
				28A9E189F7634FC48A2774B9 /* pathtrace */,
			);
		};
/* End PBXProject section */

/* Begin PBXShellScriptBuildPhase section */
		418EDF0A3ABE44F7BF2079A2 = {
			isa = PBXShellScriptBuildPhase;
			buildActionMask = 2147483647;
			files = (
			);
			inputPaths = (
			);
			outputPaths = (
			);
			runOnlyForDeploymentPostprocessing = 0;
			shellPath = /bin/sh;
			shellScript = "# shell script goes here
exit 0";
			showEnvVarsInLog = 0;
		};
		96E6BB15EF3340778490CDED = {
			isa = PBXShellScriptBuildPhase;
			buildActionMask = 2147483647;
			files = (
			);
			inputPaths = (
			);
			outputPaths = (
			);
			runOnlyForDeploymentPostprocessing = 0;
			shellPath = /bin/sh;
			shellScript = "# shell script goes here
exit 0";
			showEnvVarsInLog = 0;
		};
		F3FAAA416467483B872A9CA8 /* CMake Rules */ = {
			isa = PBXShellScriptBuildPhase;
			buildActionMask = 2147483647;
			files = (
			);
			name = "CMake Rules";
			runOnlyForDeploymentPostprocessing = 0;
			shellPath = /bin/sh;
			shellScript = "make -C /Users/s1r/Desktop/computer_graphics_hw3/xcode -f /Users/s1r/Desktop/computer_graphics_hw3/xcode/CMakeScripts/ZERO_CHECK_cmakeRulesBuildPhase.make$CONFIGURATION all";
			showEnvVarsInLog = 0;
		};
		F92AC004DFE042D98A6EAE94 /* CMake Rules */ = {
			isa = PBXShellScriptBuildPhase;
			buildActionMask = 2147483647;
			files = (
			);
			name = "CMake Rules";
			runOnlyForDeploymentPostprocessing = 0;
			shellPath = /bin/sh;
			shellScript = "make -C /Users/s1r/Desktop/computer_graphics_hw3/xcode -f /Users/s1r/Desktop/computer_graphics_hw3/xcode/CMakeScripts/ALL_BUILD_cmakeRulesBuildPhase.make$CONFIGURATION all";
			showEnvVarsInLog = 0;
		};
/* End PBXShellScriptBuildPhase section */

/* Begin PBXSourcesBuildPhase section */
		79CDD9675EB643A2AEED7DFE /* Sources */ = {
			isa = PBXSourcesBuildPhase;
			buildActionMask = 2147483647;
			files = (
				AF350DA949C64EB4A30AA278 /* /Users/s1r/Desktop/computer_graphics_hw3/src/pathtrace.cpp */,
			);
			runOnlyForDeploymentPostprocessing = 0;
		};
/* End PBXSourcesBuildPhase section */

/* Begin PBXTargetDependency section */
		6E048A6890064055921801D4 /* PBXTargetDependency */ = {
			isa = PBXTargetDependency;
			target = 28A9E189F7634FC48A2774B9 /* pathtrace */;
			targetProxy = 4E2D28B8871B44109ED0FA5F /* PBXContainerItemProxy */;
		};
		7B8642728778468CB6AA5781 /* PBXTargetDependency */ = {
			isa = PBXTargetDependency;
			target = B2AD7B19FBAC4A9699DE6E96 /* ZERO_CHECK */;
			targetProxy = 80EB3DE9C54644598F5F4BD4 /* PBXContainerItemProxy */;
		};
		F24D006A478E4FA3A3BFF7DC /* PBXTargetDependency */ = {
			isa = PBXTargetDependency;
			target = B2AD7B19FBAC4A9699DE6E96 /* ZERO_CHECK */;
			targetProxy = F3CC7BB932FC4A43993198ED /* PBXContainerItemProxy */;
		};
/* End PBXTargetDependency section */

/* Begin XCBuildConfiguration section */
		4999D96B7FF649719CFBF470 /* MinSizeRel */ = {
			isa = XCBuildConfiguration;
			buildSettings = {
				COMBINE_HIDPI_IMAGES = YES;
				CONFIGURATION_BUILD_DIR = /Users/s1r/Desktop/computer_graphics_hw3/bin/MinSizeRel;
				EXECUTABLE_PREFIX = "";
				EXECUTABLE_SUFFIX = "";
				GCC_GENERATE_DEBUGGING_SYMBOLS = NO;
				GCC_INLINES_ARE_PRIVATE_EXTERN = NO;
				GCC_OPTIMIZATION_LEVEL = s;
				GCC_PREPROCESSOR_DEFINITIONS = ("'CMAKE_INTDIR=\"$(CONFIGURATION)$(EFFECTIVE_PLATFORM_NAME)\"'");
				GCC_SYMBOLS_PRIVATE_EXTERN = NO;
				INSTALL_PATH = "";
				LIBRARY_SEARCH_PATHS = "";
				OTHER_CPLUSPLUSFLAGS = "    -DNDEBUG '-std=gnu++14'   -Wno-missing-braces";
				OTHER_LDFLAGS = " -Wl,-search_paths_first -Wl,-headerpad_max_install_names  ";
				OTHER_REZFLAGS = "";
				PRODUCT_NAME = pathtrace;
				SECTORDER_FLAGS = "";
				SYMROOT = /Users/s1r/Desktop/computer_graphics_hw3/xcode;
				USE_HEADERMAP = NO;
				WARNING_CFLAGS = ("-Wmost","-Wno-four-char-constants","-Wno-unknown-pragmas","$(inherited)");
			};
			name = MinSizeRel;
		};
		568F3D724D144B5BAFA8F589 /* MinSizeRel */ = {
			isa = XCBuildConfiguration;
			buildSettings = {
				COMBINE_HIDPI_IMAGES = YES;
				GCC_GENERATE_DEBUGGING_SYMBOLS = YES;
				GCC_INLINES_ARE_PRIVATE_EXTERN = NO;
				GCC_OPTIMIZATION_LEVEL = 0;
				GCC_PREPROCESSOR_DEFINITIONS = ("'CMAKE_INTDIR=\"$(CONFIGURATION)$(EFFECTIVE_PLATFORM_NAME)\"'");
				GCC_SYMBOLS_PRIVATE_EXTERN = NO;
				INSTALL_PATH = "";
				OTHER_LDFLAGS = " ";
				OTHER_REZFLAGS = "";
				PRODUCT_NAME = ZERO_CHECK;
				SECTORDER_FLAGS = "";
				SYMROOT = /Users/s1r/Desktop/computer_graphics_hw3/xcode;
				USE_HEADERMAP = NO;
				WARNING_CFLAGS = ("-Wmost","-Wno-four-char-constants","-Wno-unknown-pragmas","$(inherited)");
			};
			name = MinSizeRel;
		};
		56D062544FCE4EC0B2488BD2 /* RelWithDebInfo */ = {
			isa = XCBuildConfiguration;
			buildSettings = {
				COMBINE_HIDPI_IMAGES = YES;
				GCC_GENERATE_DEBUGGING_SYMBOLS = YES;
				GCC_INLINES_ARE_PRIVATE_EXTERN = NO;
				GCC_OPTIMIZATION_LEVEL = 0;
				GCC_PREPROCESSOR_DEFINITIONS = ("'CMAKE_INTDIR=\"$(CONFIGURATION)$(EFFECTIVE_PLATFORM_NAME)\"'");
				GCC_SYMBOLS_PRIVATE_EXTERN = NO;
				INSTALL_PATH = "";
				OTHER_LDFLAGS = " ";
				OTHER_REZFLAGS = "";
				PRODUCT_NAME = ZERO_CHECK;
				SECTORDER_FLAGS = "";
				SYMROOT = /Users/s1r/Desktop/computer_graphics_hw3/xcode;
				USE_HEADERMAP = NO;
				WARNING_CFLAGS = ("-Wmost","-Wno-four-char-constants","-Wno-unknown-pragmas","$(inherited)");
			};
			name = RelWithDebInfo;
		};
		5DE419CA5C1E46F8A61638AB /* Release */ = {
			isa = XCBuildConfiguration;
			buildSettings = {
				ONLY_ACTIVE_ARCH = YES;
				SDKROOT = /Applications/Xcode.app/Contents/Developer/Platforms/MacOSX.platform/Developer/SDKs/MacOSX10.13.sdk;
				SYMROOT = /Users/s1r/Desktop/computer_graphics_hw3/xcode/build;
			};
			name = Release;
		};
		6D2F6DE731D644DBA828F272 /* Debug */ = {
			isa = XCBuildConfiguration;
			buildSettings = {
				COMBINE_HIDPI_IMAGES = YES;
				GCC_GENERATE_DEBUGGING_SYMBOLS = YES;
				GCC_INLINES_ARE_PRIVATE_EXTERN = NO;
				GCC_OPTIMIZATION_LEVEL = 0;
				GCC_PREPROCESSOR_DEFINITIONS = ("'CMAKE_INTDIR=\"$(CONFIGURATION)$(EFFECTIVE_PLATFORM_NAME)\"'");
				GCC_SYMBOLS_PRIVATE_EXTERN = NO;
				INSTALL_PATH = "";
				OTHER_LDFLAGS = " ";
				OTHER_REZFLAGS = "";
				PRODUCT_NAME = ALL_BUILD;
				SECTORDER_FLAGS = "";
				SYMROOT = /Users/s1r/Desktop/computer_graphics_hw3/xcode;
				USE_HEADERMAP = NO;
				WARNING_CFLAGS = ("-Wmost","-Wno-four-char-constants","-Wno-unknown-pragmas","$(inherited)");
			};
			name = Debug;
		};
		723126297B654012A74F5F4D /* RelWithDebInfo */ = {
			isa = XCBuildConfiguration;
			buildSettings = {
				ONLY_ACTIVE_ARCH = YES;
				SDKROOT = /Applications/Xcode.app/Contents/Developer/Platforms/MacOSX.platform/Developer/SDKs/MacOSX10.13.sdk;
				SYMROOT = /Users/s1r/Desktop/computer_graphics_hw3/xcode/build;
			};
			name = RelWithDebInfo;
		};
		80CD85C4A1EE4107B60B8557 /* Debug */ = {
			isa = XCBuildConfiguration;
			buildSettings = {
				ONLY_ACTIVE_ARCH = YES;
				SDKROOT = /Applications/Xcode.app/Contents/Developer/Platforms/MacOSX.platform/Developer/SDKs/MacOSX10.13.sdk;
				SYMROOT = /Users/s1r/Desktop/computer_graphics_hw3/xcode/build;
			};
			name = Debug;
		};
		88D969D25B154C7B8A35BAFE /* Release */ = {
			isa = XCBuildConfiguration;
			buildSettings = {
				COMBINE_HIDPI_IMAGES = YES;
				GCC_GENERATE_DEBUGGING_SYMBOLS = YES;
				GCC_INLINES_ARE_PRIVATE_EXTERN = NO;
				GCC_OPTIMIZATION_LEVEL = 0;
				GCC_PREPROCESSOR_DEFINITIONS = ("'CMAKE_INTDIR=\"$(CONFIGURATION)$(EFFECTIVE_PLATFORM_NAME)\"'");
				GCC_SYMBOLS_PRIVATE_EXTERN = NO;
				INSTALL_PATH = "";
				OTHER_LDFLAGS = " ";
				OTHER_REZFLAGS = "";
				PRODUCT_NAME = ALL_BUILD;
				SECTORDER_FLAGS = "";
				SYMROOT = /Users/s1r/Desktop/computer_graphics_hw3/xcode;
				USE_HEADERMAP = NO;
				WARNING_CFLAGS = ("-Wmost","-Wno-four-char-constants","-Wno-unknown-pragmas","$(inherited)");
			};
			name = Release;
		};
		99A5225520614A4C99F5705C /* Debug */ = {
			isa = XCBuildConfiguration;
			buildSettings = {
				COMBINE_HIDPI_IMAGES = YES;
				GCC_GENERATE_DEBUGGING_SYMBOLS = YES;
				GCC_INLINES_ARE_PRIVATE_EXTERN = NO;
				GCC_OPTIMIZATION_LEVEL = 0;
				GCC_PREPROCESSOR_DEFINITIONS = ("'CMAKE_INTDIR=\"$(CONFIGURATION)$(EFFECTIVE_PLATFORM_NAME)\"'");
				GCC_SYMBOLS_PRIVATE_EXTERN = NO;
				INSTALL_PATH = "";
				OTHER_LDFLAGS = " ";
				OTHER_REZFLAGS = "";
				PRODUCT_NAME = ZERO_CHECK;
				SECTORDER_FLAGS = "";
				SYMROOT = /Users/s1r/Desktop/computer_graphics_hw3/xcode;
				USE_HEADERMAP = NO;
				WARNING_CFLAGS = ("-Wmost","-Wno-four-char-constants","-Wno-unknown-pragmas","$(inherited)");
			};
			name = Debug;
		};
		A00DD5FB6C9E429AA0B8D318 /* Debug */ = {
			isa = XCBuildConfiguration;
			buildSettings = {
				COMBINE_HIDPI_IMAGES = YES;
				CONFIGURATION_BUILD_DIR = /Users/s1r/Desktop/computer_graphics_hw3/bin/Debug;
				EXECUTABLE_PREFIX = "";
				EXECUTABLE_SUFFIX = "";
				GCC_GENERATE_DEBUGGING_SYMBOLS = YES;
				GCC_INLINES_ARE_PRIVATE_EXTERN = NO;
				GCC_OPTIMIZATION_LEVEL = 0;
				GCC_PREPROCESSOR_DEFINITIONS = ("'CMAKE_INTDIR=\"$(CONFIGURATION)$(EFFECTIVE_PLATFORM_NAME)\"'");
				GCC_SYMBOLS_PRIVATE_EXTERN = NO;
				INSTALL_PATH = "";
				LIBRARY_SEARCH_PATHS = "";
				OTHER_CPLUSPLUSFLAGS = "   '-std=gnu++14'   -Wno-missing-braces";
				OTHER_LDFLAGS = " -Wl,-search_paths_first -Wl,-headerpad_max_install_names  ";
				OTHER_REZFLAGS = "";
				PRODUCT_NAME = pathtrace;
				SECTORDER_FLAGS = "";
				SYMROOT = /Users/s1r/Desktop/computer_graphics_hw3/xcode;
				USE_HEADERMAP = NO;
				WARNING_CFLAGS = ("-Wmost","-Wno-four-char-constants","-Wno-unknown-pragmas","$(inherited)");
			};
			name = Debug;
		};
		B7B560B239A042B7A53076B5 /* Release */ = {
			isa = XCBuildConfiguration;
			buildSettings = {
				COMBINE_HIDPI_IMAGES = YES;
				GCC_GENERATE_DEBUGGING_SYMBOLS = YES;
				GCC_INLINES_ARE_PRIVATE_EXTERN = NO;
				GCC_OPTIMIZATION_LEVEL = 0;
				GCC_PREPROCESSOR_DEFINITIONS = ("'CMAKE_INTDIR=\"$(CONFIGURATION)$(EFFECTIVE_PLATFORM_NAME)\"'");
				GCC_SYMBOLS_PRIVATE_EXTERN = NO;
				INSTALL_PATH = "";
				OTHER_LDFLAGS = " ";
				OTHER_REZFLAGS = "";
				PRODUCT_NAME = ZERO_CHECK;
				SECTORDER_FLAGS = "";
				SYMROOT = /Users/s1r/Desktop/computer_graphics_hw3/xcode;
				USE_HEADERMAP = NO;
				WARNING_CFLAGS = ("-Wmost","-Wno-four-char-constants","-Wno-unknown-pragmas","$(inherited)");
			};
			name = Release;
		};
		BE38811ADEBF45CEA1FAF829 /* RelWithDebInfo */ = {
			isa = XCBuildConfiguration;
			buildSettings = {
				COMBINE_HIDPI_IMAGES = YES;
				CONFIGURATION_BUILD_DIR = /Users/s1r/Desktop/computer_graphics_hw3/bin/RelWithDebInfo;
				EXECUTABLE_PREFIX = "";
				EXECUTABLE_SUFFIX = "";
				GCC_GENERATE_DEBUGGING_SYMBOLS = YES;
				GCC_INLINES_ARE_PRIVATE_EXTERN = NO;
				GCC_OPTIMIZATION_LEVEL = 2;
				GCC_PREPROCESSOR_DEFINITIONS = ("'CMAKE_INTDIR=\"$(CONFIGURATION)$(EFFECTIVE_PLATFORM_NAME)\"'");
				GCC_SYMBOLS_PRIVATE_EXTERN = NO;
				INSTALL_PATH = "";
				LIBRARY_SEARCH_PATHS = "";
				OTHER_CPLUSPLUSFLAGS = "       -DNDEBUG '-std=gnu++14'   -Wno-missing-braces";
				OTHER_LDFLAGS = " -Wl,-search_paths_first -Wl,-headerpad_max_install_names  ";
				OTHER_REZFLAGS = "";
				PRODUCT_NAME = pathtrace;
				SECTORDER_FLAGS = "";
				SYMROOT = /Users/s1r/Desktop/computer_graphics_hw3/xcode;
				USE_HEADERMAP = NO;
				WARNING_CFLAGS = ("-Wmost","-Wno-four-char-constants","-Wno-unknown-pragmas","$(inherited)");
			};
			name = RelWithDebInfo;
		};
		DC16CEC3204B4BA7A558517F /* MinSizeRel */ = {
			isa = XCBuildConfiguration;
			buildSettings = {
				COMBINE_HIDPI_IMAGES = YES;
				GCC_GENERATE_DEBUGGING_SYMBOLS = YES;
				GCC_INLINES_ARE_PRIVATE_EXTERN = NO;
				GCC_OPTIMIZATION_LEVEL = 0;
				GCC_PREPROCESSOR_DEFINITIONS = ("'CMAKE_INTDIR=\"$(CONFIGURATION)$(EFFECTIVE_PLATFORM_NAME)\"'");
				GCC_SYMBOLS_PRIVATE_EXTERN = NO;
				INSTALL_PATH = "";
				OTHER_LDFLAGS = " ";
				OTHER_REZFLAGS = "";
				PRODUCT_NAME = ALL_BUILD;
				SECTORDER_FLAGS = "";
				SYMROOT = /Users/s1r/Desktop/computer_graphics_hw3/xcode;
				USE_HEADERMAP = NO;
				WARNING_CFLAGS = ("-Wmost","-Wno-four-char-constants","-Wno-unknown-pragmas","$(inherited)");
			};
			name = MinSizeRel;
		};
		EED90957460A402A8A5E6152 /* Release */ = {
			isa = XCBuildConfiguration;
			buildSettings = {
				COMBINE_HIDPI_IMAGES = YES;
				CONFIGURATION_BUILD_DIR = /Users/s1r/Desktop/computer_graphics_hw3/bin/Release;
				EXECUTABLE_PREFIX = "";
				EXECUTABLE_SUFFIX = "";
				GCC_GENERATE_DEBUGGING_SYMBOLS = NO;
				GCC_INLINES_ARE_PRIVATE_EXTERN = NO;
				GCC_OPTIMIZATION_LEVEL = 3;
				GCC_PREPROCESSOR_DEFINITIONS = ("'CMAKE_INTDIR=\"$(CONFIGURATION)$(EFFECTIVE_PLATFORM_NAME)\"'");
				GCC_SYMBOLS_PRIVATE_EXTERN = NO;
				INSTALL_PATH = "";
				LIBRARY_SEARCH_PATHS = "";
				OTHER_CPLUSPLUSFLAGS = "    -DNDEBUG '-std=gnu++14'   -Wno-missing-braces";
				OTHER_LDFLAGS = " -Wl,-search_paths_first -Wl,-headerpad_max_install_names  ";
				OTHER_REZFLAGS = "";
				PRODUCT_NAME = pathtrace;
				SECTORDER_FLAGS = "";
				SYMROOT = /Users/s1r/Desktop/computer_graphics_hw3/xcode;
				USE_HEADERMAP = NO;
				WARNING_CFLAGS = ("-Wmost","-Wno-four-char-constants","-Wno-unknown-pragmas","$(inherited)");
			};
			name = Release;
		};
		F0CC3A27A5ED4FEDB7AC0A95 /* RelWithDebInfo */ = {
			isa = XCBuildConfiguration;
			buildSettings = {
				COMBINE_HIDPI_IMAGES = YES;
				GCC_GENERATE_DEBUGGING_SYMBOLS = YES;
				GCC_INLINES_ARE_PRIVATE_EXTERN = NO;
				GCC_OPTIMIZATION_LEVEL = 0;
				GCC_PREPROCESSOR_DEFINITIONS = ("'CMAKE_INTDIR=\"$(CONFIGURATION)$(EFFECTIVE_PLATFORM_NAME)\"'");
				GCC_SYMBOLS_PRIVATE_EXTERN = NO;
				INSTALL_PATH = "";
				OTHER_LDFLAGS = " ";
				OTHER_REZFLAGS = "";
				PRODUCT_NAME = ALL_BUILD;
				SECTORDER_FLAGS = "";
				SYMROOT = /Users/s1r/Desktop/computer_graphics_hw3/xcode;
				USE_HEADERMAP = NO;
				WARNING_CFLAGS = ("-Wmost","-Wno-four-char-constants","-Wno-unknown-pragmas","$(inherited)");
			};
			name = RelWithDebInfo;
		};
		FB46F991567B44D28B46ED92 /* MinSizeRel */ = {
			isa = XCBuildConfiguration;
			buildSettings = {
				ONLY_ACTIVE_ARCH = YES;
				SDKROOT = /Applications/Xcode.app/Contents/Developer/Platforms/MacOSX.platform/Developer/SDKs/MacOSX10.13.sdk;
				SYMROOT = /Users/s1r/Desktop/computer_graphics_hw3/xcode/build;
			};
			name = MinSizeRel;
		};
/* End XCBuildConfiguration section */

/* Begin XCConfigurationList section */
		5A6ED42AA87B482192EF7E90 /* Build configuration list for PBXAggregateTarget "ALL_BUILD" */ = {
			isa = XCConfigurationList;
			buildConfigurations = (
				6D2F6DE731D644DBA828F272 /* Debug */,
				88D969D25B154C7B8A35BAFE /* Release */,
				DC16CEC3204B4BA7A558517F /* MinSizeRel */,
				F0CC3A27A5ED4FEDB7AC0A95 /* RelWithDebInfo */,
			);
			defaultConfigurationIsVisible = 0;
			defaultConfigurationName = Debug;
		};
		B5D5313EAEBD460D843AB534 /* Build configuration list for PBXNativeTarget "pathtrace" */ = {
			isa = XCConfigurationList;
			buildConfigurations = (
				A00DD5FB6C9E429AA0B8D318 /* Debug */,
				EED90957460A402A8A5E6152 /* Release */,
				4999D96B7FF649719CFBF470 /* MinSizeRel */,
				BE38811ADEBF45CEA1FAF829 /* RelWithDebInfo */,
			);
			defaultConfigurationIsVisible = 0;
			defaultConfigurationName = Debug;
		};
		BE2BB0F692304D9390C7A775 /* Build configuration list for PBXProject "graphics17b_hw03" */ = {
			isa = XCConfigurationList;
			buildConfigurations = (
				80CD85C4A1EE4107B60B8557 /* Debug */,
				5DE419CA5C1E46F8A61638AB /* Release */,
				FB46F991567B44D28B46ED92 /* MinSizeRel */,
				723126297B654012A74F5F4D /* RelWithDebInfo */,
			);
			defaultConfigurationIsVisible = 0;
			defaultConfigurationName = Debug;
		};
		DB849C9C1BFE48179CBDBA08 /* Build configuration list for PBXAggregateTarget "ZERO_CHECK" */ = {
			isa = XCConfigurationList;
			buildConfigurations = (
				99A5225520614A4C99F5705C /* Debug */,
				B7B560B239A042B7A53076B5 /* Release */,
				568F3D724D144B5BAFA8F589 /* MinSizeRel */,
				56D062544FCE4EC0B2488BD2 /* RelWithDebInfo */,
			);
			defaultConfigurationIsVisible = 0;
			defaultConfigurationName = Debug;
		};
/* End XCConfigurationList section */
	};
	rootObject = F1D28F36432141C28E5155D4 /* Project object */;
}
